
Microsoft Visual Studio Solution File, Format Version 12.00
# Visual Studio 14
VisualStudioVersion = 14.0.25420.1
MinimumVisualStudioVersion = 10.0.40219.1
Project("{FAE04EC0-301F-11D3-BF4B-00C04F79EFBC}") = "CRUDWebApp", "CRUDWebApp\CRUDWebApp.csproj", "{0C20FE27-6CA1-4677-A3A9-14C4E93061F8}"
EndProject
Project("{FAE04EC0-301F-11D3-BF4B-00C04F79EFBC}") = "MyProjectPlugins", "MyProjectPlugins\MyProjectPlugins.csproj", "{ECA265A2-863E-4287-A610-F4CDC49FEB99}"
EndProject
Project("{2150E333-8FDC-42A3-9474-1A3956D46DE8}") = "Client Scripts", "Client Scripts", "{ADB1AA79-4108-437F-8A84-98EE0710B89F}"
	ProjectSection(SolutionItems) = preProject
		Rgv_CustomerScripts.js = Rgv_CustomerScripts.js
	EndProjectSection
EndProject
Global
	GlobalSection(SolutionConfigurationPlatforms) = preSolution
		Debug|Any CPU = Debug|Any CPU
		Release|Any CPU = Release|Any CPU
	EndGlobalSection
	GlobalSection(ProjectConfigurationPlatforms) = postSolution
		{0C20FE27-6CA1-4677-A3A9-14C4E93061F8}.Debug|Any CPU.ActiveCfg = Debug|Any CPU
		{0C20FE27-6CA1-4677-A3A9-14C4E93061F8}.Debug|Any CPU.Build.0 = Debug|Any CPU
		{0C20FE27-6CA1-4677-A3A9-14C4E93061F8}.Release|Any CPU.ActiveCfg = Release|Any CPU
		{0C20FE27-6CA1-4677-A3A9-14C4E93061F8}.Release|Any CPU.Build.0 = Release|Any CPU
		{ECA265A2-863E-4287-A610-F4CDC49FEB99}.Debug|Any CPU.ActiveCfg = Debug|Any CPU
		{ECA265A2-863E-4287-A610-F4CDC49FEB99}.Debug|Any CPU.Build.0 = Debug|Any CPU
		{ECA265A2-863E-4287-A610-F4CDC49FEB99}.Release|Any CPU.ActiveCfg = Release|Any CPU
		{ECA265A2-863E-4287-A610-F4CDC49FEB99}.Release|Any CPU.Build.0 = Release|Any CPU
	EndGlobalSection
	GlobalSection(SolutionProperties) = preSolution
		HideSolutionNode = FALSE
	EndGlobalSection
	GlobalSection(ExtensibilityGlobals) = postSolution
		SolutionGuid = {CE43AC5C-3CBC-4175-8C61-15433694D302}
	EndGlobalSection
EndGlobal
